// !$*UTF8*$!
{
	archiveVersion = 1;
	classes = {
	};
	objectVersion = 50;
	objects = {

/* Begin PBXBuildFile section */
		2630860F25F74C2000FCB9AD /* MDConfig.plist in Resources */ = {isa = PBXBuildFile; fileRef = 2630860E25F74C2000FCB9AD /* MDConfig.plist */; };
		2630861925F74C2100FCB9AD /* libmonkeydevutilsDylib.dylib in CopyFiles */ = {isa = PBXBuildFile; fileRef = 2630861825F74C2100FCB9AD /* libmonkeydevutilsDylib.dylib */; settings = {ATTRIBUTES = (CodeSignOnCopy, ); }; };
		2630861E25F74C2100FCB9AD /* JavaScriptCore.framework in Frameworks */ = {isa = PBXBuildFile; fileRef = 2630861D25F74C2100FCB9AD /* JavaScriptCore.framework */; };
		2630862025F74C2100FCB9AD /* Foundation.framework in Frameworks */ = {isa = PBXBuildFile; fileRef = 2630861F25F74C2100FCB9AD /* Foundation.framework */; };
		2630862225F74C2100FCB9AD /* UIKit.framework in Frameworks */ = {isa = PBXBuildFile; fileRef = 2630862125F74C2100FCB9AD /* UIKit.framework */; };
		2630862725F74C2100FCB9AD /* monkeydevutilsDylib.mm in Sources */ = {isa = PBXBuildFile; fileRef = 2630862625F74C2100FCB9AD /* monkeydevutilsDylib.mm */; };
		2630862A25F74C2100FCB9AD /* MDConfigManager.h in Headers */ = {isa = PBXBuildFile; fileRef = 2630862925F74C2100FCB9AD /* MDConfigManager.h */; };
		2630862C25F74C2100FCB9AD /* MDConfigManager.m in Sources */ = {isa = PBXBuildFile; fileRef = 2630862B25F74C2100FCB9AD /* MDConfigManager.m */; };
		2630862E25F74C2100FCB9AD /* MDCycriptManager.h in Headers */ = {isa = PBXBuildFile; fileRef = 2630862D25F74C2100FCB9AD /* MDCycriptManager.h */; };
		2630863025F74C2100FCB9AD /* MDCycriptManager.m in Sources */ = {isa = PBXBuildFile; fileRef = 2630862F25F74C2100FCB9AD /* MDCycriptManager.m */; };
		2630863225F74C2100FCB9AD /* MDMethodTrace.h in Headers */ = {isa = PBXBuildFile; fileRef = 2630863125F74C2100FCB9AD /* MDMethodTrace.h */; };
		2630863425F74C2100FCB9AD /* MDMethodTrace.m in Sources */ = {isa = PBXBuildFile; fileRef = 2630863325F74C2100FCB9AD /* MDMethodTrace.m */; };
		2630863725F74C2100FCB9AD /* a1a2-selectortramps-arm.s in Sources */ = {isa = PBXBuildFile; fileRef = 2630863625F74C2100FCB9AD /* a1a2-selectortramps-arm.s */; };
		2630863925F74C2100FCB9AD /* a1a2-selectortramps-arm64.s in Sources */ = {isa = PBXBuildFile; fileRef = 2630863825F74C2100FCB9AD /* a1a2-selectortramps-arm64.s */; };
		2630863B25F74C2100FCB9AD /* a1a2-selectortramps-i386.s in Sources */ = {isa = PBXBuildFile; fileRef = 2630863A25F74C2100FCB9AD /* a1a2-selectortramps-i386.s */; };
		2630863D25F74C2100FCB9AD /* a1a2-selectortramps-x86_64.s in Sources */ = {isa = PBXBuildFile; fileRef = 2630863C25F74C2100FCB9AD /* a1a2-selectortramps-x86_64.s */; };
		2630863F25F74C2100FCB9AD /* a2a3-selectortramps-arm.s in Sources */ = {isa = PBXBuildFile; fileRef = 2630863E25F74C2100FCB9AD /* a2a3-selectortramps-arm.s */; };
		2630864125F74C2100FCB9AD /* a2a3-selectortramps-i386.s in Sources */ = {isa = PBXBuildFile; fileRef = 2630864025F74C2100FCB9AD /* a2a3-selectortramps-i386.s */; };
		2630864325F74C2100FCB9AD /* a2a3-selectortramps-x86_64.s in Sources */ = {isa = PBXBuildFile; fileRef = 2630864225F74C2100FCB9AD /* a2a3-selectortramps-x86_64.s */; };
		2630864525F74C2100FCB9AD /* OCMethodTrace.h in Headers */ = {isa = PBXBuildFile; fileRef = 2630864425F74C2100FCB9AD /* OCMethodTrace.h */; };
		2630864725F74C2100FCB9AD /* OCMethodTrace.m in Sources */ = {isa = PBXBuildFile; fileRef = 2630864625F74C2100FCB9AD /* OCMethodTrace.m */; };
		2630864925F74C2100FCB9AD /* OCSelectorTrampolines.h in Headers */ = {isa = PBXBuildFile; fileRef = 2630864825F74C2100FCB9AD /* OCSelectorTrampolines.h */; };
		2630864B25F74C2100FCB9AD /* OCSelectorTrampolines.mm in Sources */ = {isa = PBXBuildFile; fileRef = 2630864A25F74C2100FCB9AD /* OCSelectorTrampolines.mm */; };
		2630864F25F74C2100FCB9AD /* LLDBTools.h in Headers */ = {isa = PBXBuildFile; fileRef = 2630864E25F74C2100FCB9AD /* LLDBTools.h */; };
		2630865125F74C2100FCB9AD /* LLDBTools.mm in Sources */ = {isa = PBXBuildFile; fileRef = 2630865025F74C2100FCB9AD /* LLDBTools.mm */; };
		2630865625F74C2100FCB9AD /* AntiAntiDebug.m in Sources */ = {isa = PBXBuildFile; fileRef = 2630865525F74C2100FCB9AD /* AntiAntiDebug.m */; };
		2630865925F74C2100FCB9AD /* fishhook.c in Sources */ = {isa = PBXBuildFile; fileRef = 2630865825F74C2100FCB9AD /* fishhook.c */; };
		2630865B25F74C2100FCB9AD /* fishhook.h in Headers */ = {isa = PBXBuildFile; fileRef = 2630865A25F74C2100FCB9AD /* fishhook.h */; };
		2630865D25F74C2100FCB9AD /* monkeydevutilsDylib.h in Headers */ = {isa = PBXBuildFile; fileRef = 2630865C25F74C2100FCB9AD /* monkeydevutilsDylib.h */; };
		2630865F25F74C2100FCB9AD /* monkeydevutilsDylib.m in Sources */ = {isa = PBXBuildFile; fileRef = 2630865E25F74C2100FCB9AD /* monkeydevutilsDylib.m */; };
/* End PBXBuildFile section */

/* Begin PBXContainerItemProxy section */
		2630861A25F74C2100FCB9AD /* PBXContainerItemProxy */ = {
			isa = PBXContainerItemProxy;
			containerPortal = 263085FC25F74C2000FCB9AD /* Project object */;
			proxyType = 1;
			remoteGlobalIDString = 2630861725F74C2100FCB9AD;
			remoteInfo = monkeydevutilsDylib;
		};
/* End PBXContainerItemProxy section */

/* Begin PBXCopyFilesBuildPhase section */
		2630860425F74C2000FCB9AD /* CopyFiles */ = {
			isa = PBXCopyFilesBuildPhase;
			buildActionMask = 2147483647;
			dstPath = "";
			dstSubfolderSpec = 10;
			files = (
				2630861925F74C2100FCB9AD /* libmonkeydevutilsDylib.dylib in CopyFiles */,
			);
			runOnlyForDeploymentPostprocessing = 0;
		};
/* End PBXCopyFilesBuildPhase section */

/* Begin PBXFileReference section */
		2630860725F74C2000FCB9AD /* monkeydevutils.app */ = {isa = PBXFileReference; explicitFileType = wrapper.application; includeInIndex = 0; path = monkeydevutils.app; sourceTree = BUILT_PRODUCTS_DIR; };
		2630860A25F74C2000FCB9AD /* icon.png */ = {isa = PBXFileReference; lastKnownFileType = image.png; path = icon.png; sourceTree = "<group>"; };
		2630860C25F74C2000FCB9AD /* quick-resign.sh */ = {isa = PBXFileReference; lastKnownFileType = text.script.sh; path = "quick-resign.sh"; sourceTree = "<group>"; };
		2630860E25F74C2000FCB9AD /* MDConfig.plist */ = {isa = PBXFileReference; lastKnownFileType = text.plist.xml; path = MDConfig.plist; sourceTree = "<group>"; };
		2630861125F74C2000FCB9AD /* put ipa or app here */ = {isa = PBXFileReference; lastKnownFileType = text; path = "put ipa or app here"; sourceTree = "<group>"; };
		2630861225F74C2000FCB9AD /* Info.plist */ = {isa = PBXFileReference; lastKnownFileType = text.plist.xml; path = Info.plist; sourceTree = "<group>"; };
		2630861825F74C2100FCB9AD /* libmonkeydevutilsDylib.dylib */ = {isa = PBXFileReference; explicitFileType = "compiled.mach-o.dylib"; includeInIndex = 0; path = libmonkeydevutilsDylib.dylib; sourceTree = BUILT_PRODUCTS_DIR; };
		2630861D25F74C2100FCB9AD /* JavaScriptCore.framework */ = {isa = PBXFileReference; lastKnownFileType = wrapper.framework; name = JavaScriptCore.framework; path = System/Library/Frameworks/JavaScriptCore.framework; sourceTree = SDKROOT; };
		2630861F25F74C2100FCB9AD /* Foundation.framework */ = {isa = PBXFileReference; lastKnownFileType = wrapper.framework; name = Foundation.framework; path = System/Library/Frameworks/Foundation.framework; sourceTree = SDKROOT; };
		2630862125F74C2100FCB9AD /* UIKit.framework */ = {isa = PBXFileReference; lastKnownFileType = wrapper.framework; name = UIKit.framework; path = System/Library/Frameworks/UIKit.framework; sourceTree = SDKROOT; };
		2630862525F74C2100FCB9AD /* monkeydevutilsDylib.xm */ = {isa = PBXFileReference; lastKnownFileType = text; path = monkeydevutilsDylib.xm; sourceTree = "<group>"; };
		2630862625F74C2100FCB9AD /* monkeydevutilsDylib.mm */ = {isa = PBXFileReference; lastKnownFileType = sourcecode.cpp.objcpp; path = monkeydevutilsDylib.mm; sourceTree = "<group>"; };
		2630862925F74C2100FCB9AD /* MDConfigManager.h */ = {isa = PBXFileReference; lastKnownFileType = sourcecode.c.h; path = MDConfigManager.h; sourceTree = "<group>"; };
		2630862B25F74C2100FCB9AD /* MDConfigManager.m */ = {isa = PBXFileReference; lastKnownFileType = sourcecode.c.objc; path = MDConfigManager.m; sourceTree = "<group>"; };
		2630862D25F74C2100FCB9AD /* MDCycriptManager.h */ = {isa = PBXFileReference; lastKnownFileType = sourcecode.c.h; path = MDCycriptManager.h; sourceTree = "<group>"; };
		2630862F25F74C2100FCB9AD /* MDCycriptManager.m */ = {isa = PBXFileReference; lastKnownFileType = sourcecode.c.objc; path = MDCycriptManager.m; sourceTree = "<group>"; };
		2630863125F74C2100FCB9AD /* MDMethodTrace.h */ = {isa = PBXFileReference; lastKnownFileType = sourcecode.c.h; path = MDMethodTrace.h; sourceTree = "<group>"; };
		2630863325F74C2100FCB9AD /* MDMethodTrace.m */ = {isa = PBXFileReference; lastKnownFileType = sourcecode.c.objc; path = MDMethodTrace.m; sourceTree = "<group>"; };
		2630863625F74C2100FCB9AD /* a1a2-selectortramps-arm.s */ = {isa = PBXFileReference; lastKnownFileType = sourcecode.asm; path = "a1a2-selectortramps-arm.s"; sourceTree = "<group>"; };
		2630863825F74C2100FCB9AD /* a1a2-selectortramps-arm64.s */ = {isa = PBXFileReference; lastKnownFileType = sourcecode.asm; path = "a1a2-selectortramps-arm64.s"; sourceTree = "<group>"; };
		2630863A25F74C2100FCB9AD /* a1a2-selectortramps-i386.s */ = {isa = PBXFileReference; lastKnownFileType = sourcecode.asm; path = "a1a2-selectortramps-i386.s"; sourceTree = "<group>"; };
		2630863C25F74C2100FCB9AD /* a1a2-selectortramps-x86_64.s */ = {isa = PBXFileReference; lastKnownFileType = sourcecode.asm; path = "a1a2-selectortramps-x86_64.s"; sourceTree = "<group>"; };
		2630863E25F74C2100FCB9AD /* a2a3-selectortramps-arm.s */ = {isa = PBXFileReference; lastKnownFileType = sourcecode.asm; path = "a2a3-selectortramps-arm.s"; sourceTree = "<group>"; };
		2630864025F74C2100FCB9AD /* a2a3-selectortramps-i386.s */ = {isa = PBXFileReference; lastKnownFileType = sourcecode.asm; path = "a2a3-selectortramps-i386.s"; sourceTree = "<group>"; };
		2630864225F74C2100FCB9AD /* a2a3-selectortramps-x86_64.s */ = {isa = PBXFileReference; lastKnownFileType = sourcecode.asm; path = "a2a3-selectortramps-x86_64.s"; sourceTree = "<group>"; };
		2630864425F74C2100FCB9AD /* OCMethodTrace.h */ = {isa = PBXFileReference; lastKnownFileType = sourcecode.c.h; path = OCMethodTrace.h; sourceTree = "<group>"; };
		2630864625F74C2100FCB9AD /* OCMethodTrace.m */ = {isa = PBXFileReference; lastKnownFileType = sourcecode.c.objc; path = OCMethodTrace.m; sourceTree = "<group>"; };
		2630864825F74C2100FCB9AD /* OCSelectorTrampolines.h */ = {isa = PBXFileReference; lastKnownFileType = sourcecode.c.h; path = OCSelectorTrampolines.h; sourceTree = "<group>"; };
		2630864A25F74C2100FCB9AD /* OCSelectorTrampolines.mm */ = {isa = PBXFileReference; lastKnownFileType = sourcecode.cpp.objcpp; path = OCSelectorTrampolines.mm; sourceTree = "<group>"; };
		2630864C25F74C2100FCB9AD /* selectortramps.mac */ = {isa = PBXFileReference; lastKnownFileType = text; path = selectortramps.mac; sourceTree = "<group>"; };
		2630864E25F74C2100FCB9AD /* LLDBTools.h */ = {isa = PBXFileReference; lastKnownFileType = sourcecode.c.h; path = LLDBTools.h; sourceTree = "<group>"; };
		2630865025F74C2100FCB9AD /* LLDBTools.mm */ = {isa = PBXFileReference; lastKnownFileType = sourcecode.cpp.objcpp; path = LLDBTools.mm; sourceTree = "<group>"; };
		2630865325F74C2100FCB9AD /* monkeydevutilsDylib-Prefix.pch */ = {isa = PBXFileReference; lastKnownFileType = sourcecode.c.h; name = "monkeydevutilsDylib-Prefix.pch"; path = "../monkeydevutilsDylib-Prefix.pch"; sourceTree = "<group>"; };
		2630865525F74C2100FCB9AD /* AntiAntiDebug.m */ = {isa = PBXFileReference; lastKnownFileType = sourcecode.c.objc; path = AntiAntiDebug.m; sourceTree = "<group>"; };
		2630865825F74C2100FCB9AD /* fishhook.c */ = {isa = PBXFileReference; lastKnownFileType = sourcecode.c.c; path = fishhook.c; sourceTree = "<group>"; };
		2630865A25F74C2100FCB9AD /* fishhook.h */ = {isa = PBXFileReference; lastKnownFileType = sourcecode.c.h; path = fishhook.h; sourceTree = "<group>"; };
		2630865C25F74C2100FCB9AD /* monkeydevutilsDylib.h */ = {isa = PBXFileReference; lastKnownFileType = sourcecode.c.h; path = monkeydevutilsDylib.h; sourceTree = "<group>"; };
		2630865E25F74C2100FCB9AD /* monkeydevutilsDylib.m */ = {isa = PBXFileReference; lastKnownFileType = sourcecode.c.objc; path = monkeydevutilsDylib.m; sourceTree = "<group>"; };
/* End PBXFileReference section */

/* Begin PBXFrameworksBuildPhase section */
		2630860125F74C2000FCB9AD /* Frameworks */ = {
			isa = PBXFrameworksBuildPhase;
			buildActionMask = 2147483647;
			files = (
			);
			runOnlyForDeploymentPostprocessing = 0;
		};
		2630861525F74C2100FCB9AD /* Frameworks */ = {
			isa = PBXFrameworksBuildPhase;
			buildActionMask = 2147483647;
			files = (
				2630861E25F74C2100FCB9AD /* JavaScriptCore.framework in Frameworks */,
				2630862225F74C2100FCB9AD /* UIKit.framework in Frameworks */,
				2630862025F74C2100FCB9AD /* Foundation.framework in Frameworks */,
			);
			runOnlyForDeploymentPostprocessing = 0;
		};
/* End PBXFrameworksBuildPhase section */

/* Begin PBXGroup section */
		263085FB25F74C2000FCB9AD = {
			isa = PBXGroup;
			children = (
				2630860925F74C2000FCB9AD /* monkeydevutils */,
				2630862325F74C2100FCB9AD /* monkeydevutilsDylib */,
				2630861C25F74C2100FCB9AD /* Frameworks */,
				2630860825F74C2000FCB9AD /* Products */,
			);
			sourceTree = "<group>";
		};
		2630860825F74C2000FCB9AD /* Products */ = {
			isa = PBXGroup;
			children = (
				2630860725F74C2000FCB9AD /* monkeydevutils.app */,
				2630861825F74C2100FCB9AD /* libmonkeydevutilsDylib.dylib */,
			);
			name = Products;
			sourceTree = "<group>";
		};
		2630860925F74C2000FCB9AD /* monkeydevutils */ = {
			isa = PBXGroup;
			children = (
				2630860A25F74C2000FCB9AD /* icon.png */,
				2630861225F74C2000FCB9AD /* Info.plist */,
				2630860B25F74C2000FCB9AD /* Scripts */,
				2630860D25F74C2000FCB9AD /* Config */,
				2630861025F74C2000FCB9AD /* TargetApp */,
			);
			path = monkeydevutils;
			sourceTree = "<group>";
		};
		2630860B25F74C2000FCB9AD /* Scripts */ = {
			isa = PBXGroup;
			children = (
				2630860C25F74C2000FCB9AD /* quick-resign.sh */,
			);
			path = Scripts;
			sourceTree = "<group>";
		};
		2630860D25F74C2000FCB9AD /* Config */ = {
			isa = PBXGroup;
			children = (
				2630860E25F74C2000FCB9AD /* MDConfig.plist */,
			);
			path = Config;
			sourceTree = "<group>";
		};
		2630861025F74C2000FCB9AD /* TargetApp */ = {
			isa = PBXGroup;
			children = (
				2630861125F74C2000FCB9AD /* put ipa or app here */,
			);
			path = TargetApp;
			sourceTree = "<group>";
		};
		2630861C25F74C2100FCB9AD /* Frameworks */ = {
			isa = PBXGroup;
			children = (
				2630861D25F74C2100FCB9AD /* JavaScriptCore.framework */,
				2630861F25F74C2100FCB9AD /* Foundation.framework */,
				2630862125F74C2100FCB9AD /* UIKit.framework */,
			);
			name = Frameworks;
			sourceTree = "<group>";
		};
		2630862325F74C2100FCB9AD /* monkeydevutilsDylib */ = {
			isa = PBXGroup;
			children = (
				2630865C25F74C2100FCB9AD /* monkeydevutilsDylib.h */,
				2630865E25F74C2100FCB9AD /* monkeydevutilsDylib.m */,
				2630862425F74C2100FCB9AD /* Logos */,
				2630862825F74C2100FCB9AD /* Config */,
				2630863525F74C2100FCB9AD /* Trace */,
				2630864D25F74C2100FCB9AD /* Tools */,
				2630865425F74C2100FCB9AD /* AntiAntiDebug */,
				2630865725F74C2100FCB9AD /* fishhook */,
				2630865225F74C2100FCB9AD /* Supporting Files */,
			);
			path = monkeydevutilsDylib;
			sourceTree = "<group>";
		};
		2630862425F74C2100FCB9AD /* Logos */ = {
			isa = PBXGroup;
			children = (
				2630862525F74C2100FCB9AD /* monkeydevutilsDylib.xm */,
				2630862625F74C2100FCB9AD /* monkeydevutilsDylib.mm */,
			);
			path = Logos;
			sourceTree = "<group>";
		};
		2630862825F74C2100FCB9AD /* Config */ = {
			isa = PBXGroup;
			children = (
				2630862925F74C2100FCB9AD /* MDConfigManager.h */,
				2630862B25F74C2100FCB9AD /* MDConfigManager.m */,
				2630862D25F74C2100FCB9AD /* MDCycriptManager.h */,
				2630862F25F74C2100FCB9AD /* MDCycriptManager.m */,
				2630863125F74C2100FCB9AD /* MDMethodTrace.h */,
				2630863325F74C2100FCB9AD /* MDMethodTrace.m */,
			);
			path = Config;
			sourceTree = "<group>";
		};
		2630863525F74C2100FCB9AD /* Trace */ = {
			isa = PBXGroup;
			children = (
				2630863625F74C2100FCB9AD /* a1a2-selectortramps-arm.s */,
				2630863825F74C2100FCB9AD /* a1a2-selectortramps-arm64.s */,
				2630863A25F74C2100FCB9AD /* a1a2-selectortramps-i386.s */,
				2630863C25F74C2100FCB9AD /* a1a2-selectortramps-x86_64.s */,
				2630863E25F74C2100FCB9AD /* a2a3-selectortramps-arm.s */,
				2630864025F74C2100FCB9AD /* a2a3-selectortramps-i386.s */,
				2630864225F74C2100FCB9AD /* a2a3-selectortramps-x86_64.s */,
				2630864425F74C2100FCB9AD /* OCMethodTrace.h */,
				2630864625F74C2100FCB9AD /* OCMethodTrace.m */,
				2630864825F74C2100FCB9AD /* OCSelectorTrampolines.h */,
				2630864A25F74C2100FCB9AD /* OCSelectorTrampolines.mm */,
				2630864C25F74C2100FCB9AD /* selectortramps.mac */,
			);
			path = Trace;
			sourceTree = "<group>";
		};
		2630864D25F74C2100FCB9AD /* Tools */ = {
			isa = PBXGroup;
			children = (
				2630864E25F74C2100FCB9AD /* LLDBTools.h */,
				2630865025F74C2100FCB9AD /* LLDBTools.mm */,
			);
			path = Tools;
			sourceTree = "<group>";
		};
		2630865225F74C2100FCB9AD /* Supporting Files */ = {
			isa = PBXGroup;
			children = (
				2630865325F74C2100FCB9AD /* monkeydevutilsDylib-Prefix.pch */,
			);
			path = "Supporting Files";
			sourceTree = "<group>";
		};
		2630865425F74C2100FCB9AD /* AntiAntiDebug */ = {
			isa = PBXGroup;
			children = (
				2630865525F74C2100FCB9AD /* AntiAntiDebug.m */,
			);
			path = AntiAntiDebug;
			sourceTree = "<group>";
		};
		2630865725F74C2100FCB9AD /* fishhook */ = {
			isa = PBXGroup;
			children = (
				2630865825F74C2100FCB9AD /* fishhook.c */,
				2630865A25F74C2100FCB9AD /* fishhook.h */,
			);
			path = fishhook;
			sourceTree = "<group>";
		};
/* End PBXGroup section */

/* Begin PBXHeadersBuildPhase section */
		2630861625F74C2100FCB9AD /* Headers */ = {
			isa = PBXHeadersBuildPhase;
			buildActionMask = 2147483647;
			files = (
				2630862E25F74C2100FCB9AD /* MDCycriptManager.h in Headers */,
				2630863225F74C2100FCB9AD /* MDMethodTrace.h in Headers */,
				2630865D25F74C2100FCB9AD /* monkeydevutilsDylib.h in Headers */,
				2630865B25F74C2100FCB9AD /* fishhook.h in Headers */,
				2630864F25F74C2100FCB9AD /* LLDBTools.h in Headers */,
				2630862A25F74C2100FCB9AD /* MDConfigManager.h in Headers */,
				2630864925F74C2100FCB9AD /* OCSelectorTrampolines.h in Headers */,
				2630864525F74C2100FCB9AD /* OCMethodTrace.h in Headers */,
			);
			runOnlyForDeploymentPostprocessing = 0;
		};
/* End PBXHeadersBuildPhase section */

/* Begin PBXNativeTarget section */
		2630860625F74C2000FCB9AD /* monkeydevutils */ = {
			isa = PBXNativeTarget;
			buildConfigurationList = 2630866525F74C2100FCB9AD /* Build configuration list for PBXNativeTarget "monkeydevutils" */;
			buildPhases = (
				2630860025F74C2000FCB9AD /* Sources */,
				2630860125F74C2000FCB9AD /* Frameworks */,
				2630860225F74C2000FCB9AD /* ShellScript */,
				2630860325F74C2000FCB9AD /* Resources */,
				2630860425F74C2000FCB9AD /* CopyFiles */,
				2630860525F74C2000FCB9AD /* ShellScript */,
			);
			buildRules = (
			);
			dependencies = (
				2630861B25F74C2100FCB9AD /* PBXTargetDependency */,
			);
			name = monkeydevutils;
			productName = monkeydevutils;
			productReference = 2630860725F74C2000FCB9AD /* monkeydevutils.app */;
			productType = "com.apple.product-type.application";
		};
		2630861725F74C2100FCB9AD /* monkeydevutilsDylib */ = {
			isa = PBXNativeTarget;
			buildConfigurationList = 2630866225F74C2100FCB9AD /* Build configuration list for PBXNativeTarget "monkeydevutilsDylib" */;
			buildPhases = (
				2630861325F74C2100FCB9AD /* ShellScript */,
				2630861425F74C2100FCB9AD /* Sources */,
				2630861525F74C2100FCB9AD /* Frameworks */,
				2630861625F74C2100FCB9AD /* Headers */,
			);
			buildRules = (
			);
			dependencies = (
			);
			name = monkeydevutilsDylib;
			productName = monkeydevutilsDylib;
			productReference = 2630861825F74C2100FCB9AD /* libmonkeydevutilsDylib.dylib */;
			productType = "com.apple.product-type.library.dynamic";
		};
/* End PBXNativeTarget section */

/* Begin PBXProject section */
		263085FC25F74C2000FCB9AD /* Project object */ = {
			isa = PBXProject;
			attributes = {
				LastUpgradeCheck = 1220;
				TargetAttributes = {
					2630860625F74C2000FCB9AD = {
						CreatedOnToolsVersion = 12.2;
					};
					2630861725F74C2100FCB9AD = {
						CreatedOnToolsVersion = 12.2;
					};
				};
			};
			buildConfigurationList = 263085FF25F74C2000FCB9AD /* Build configuration list for PBXProject "monkeydevutils" */;
			compatibilityVersion = "Xcode 9.3";
			developmentRegion = en;
			hasScannedForEncodings = 0;
			knownRegions = (
				en,
				Base,
			);
			mainGroup = 263085FB25F74C2000FCB9AD;
			productRefGroup = 2630860825F74C2000FCB9AD /* Products */;
			projectDirPath = "";
			projectRoot = "";
			targets = (
				2630860625F74C2000FCB9AD /* monkeydevutils */,
				2630861725F74C2100FCB9AD /* monkeydevutilsDylib */,
			);
		};
/* End PBXProject section */

/* Begin PBXResourcesBuildPhase section */
		2630860325F74C2000FCB9AD /* Resources */ = {
			isa = PBXResourcesBuildPhase;
			buildActionMask = 2147483647;
			files = (
				2630860F25F74C2000FCB9AD /* MDConfig.plist in Resources */,
			);
			runOnlyForDeploymentPostprocessing = 0;
		};
/* End PBXResourcesBuildPhase section */

/* Begin PBXShellScriptBuildPhase section */
		2630860225F74C2000FCB9AD /* ShellScript */ = {
			isa = PBXShellScriptBuildPhase;
			buildActionMask = 2147483647;
			files = (
			);
			inputFileListPaths = (
			);
			inputPaths = (
			);
			outputFileListPaths = (
			);
			outputPaths = (
			);
			runOnlyForDeploymentPostprocessing = 0;
			shellPath = /bin/sh;
			shellScript = /opt/MonkeyDev/Tools/pack.sh;
		};
		2630860525F74C2000FCB9AD /* ShellScript */ = {
			isa = PBXShellScriptBuildPhase;
			buildActionMask = 2147483647;
			files = (
			);
			inputFileListPaths = (
			);
			inputPaths = (
			);
			outputFileListPaths = (
			);
			outputPaths = (
			);
			runOnlyForDeploymentPostprocessing = 0;
			shellPath = /bin/sh;
			shellScript = "/opt/MonkeyDev/Tools/pack.sh codesign";
		};
		2630861325F74C2100FCB9AD /* ShellScript */ = {
			isa = PBXShellScriptBuildPhase;
			buildActionMask = 2147483647;
			files = (
			);
			inputFileListPaths = (
			);
			inputPaths = (
			);
			outputFileListPaths = (
			);
			outputPaths = (
			);
			runOnlyForDeploymentPostprocessing = 0;
			shellPath = /bin/sh;
			shellScript = "/opt/MonkeyDev/bin/md --xcbp-logos";
		};
/* End PBXShellScriptBuildPhase section */

/* Begin PBXSourcesBuildPhase section */
		2630860025F74C2000FCB9AD /* Sources */ = {
			isa = PBXSourcesBuildPhase;
			buildActionMask = 2147483647;
			files = (
			);
			runOnlyForDeploymentPostprocessing = 0;
		};
		2630861425F74C2100FCB9AD /* Sources */ = {
			isa = PBXSourcesBuildPhase;
			buildActionMask = 2147483647;
			files = (
				2630863025F74C2100FCB9AD /* MDCycriptManager.m in Sources */,
				2630863925F74C2100FCB9AD /* a1a2-selectortramps-arm64.s in Sources */,
				2630863725F74C2100FCB9AD /* a1a2-selectortramps-arm.s in Sources */,
				2630863D25F74C2100FCB9AD /* a1a2-selectortramps-x86_64.s in Sources */,
				2630864725F74C2100FCB9AD /* OCMethodTrace.m in Sources */,
				2630865F25F74C2100FCB9AD /* monkeydevutilsDylib.m in Sources */,
				2630862C25F74C2100FCB9AD /* MDConfigManager.m in Sources */,
				2630865925F74C2100FCB9AD /* fishhook.c in Sources */,
				2630865625F74C2100FCB9AD /* AntiAntiDebug.m in Sources */,
				2630864B25F74C2100FCB9AD /* OCSelectorTrampolines.mm in Sources */,
				2630863B25F74C2100FCB9AD /* a1a2-selectortramps-i386.s in Sources */,
				2630864125F74C2100FCB9AD /* a2a3-selectortramps-i386.s in Sources */,
				2630863F25F74C2100FCB9AD /* a2a3-selectortramps-arm.s in Sources */,
				2630862725F74C2100FCB9AD /* monkeydevutilsDylib.mm in Sources */,
				2630865125F74C2100FCB9AD /* LLDBTools.mm in Sources */,
				2630864325F74C2100FCB9AD /* a2a3-selectortramps-x86_64.s in Sources */,
				2630863425F74C2100FCB9AD /* MDMethodTrace.m in Sources */,
			);
			runOnlyForDeploymentPostprocessing = 0;
		};
/* End PBXSourcesBuildPhase section */

/* Begin PBXTargetDependency section */
		2630861B25F74C2100FCB9AD /* PBXTargetDependency */ = {
			isa = PBXTargetDependency;
			target = 2630861725F74C2100FCB9AD /* monkeydevutilsDylib */;
			targetProxy = 2630861A25F74C2100FCB9AD /* PBXContainerItemProxy */;
		};
/* End PBXTargetDependency section */

/* Begin XCBuildConfiguration section */
		2630866025F74C2100FCB9AD /* Debug */ = {
			isa = XCBuildConfiguration;
			buildSettings = {
				ALWAYS_SEARCH_USER_PATHS = NO;
				CLANG_ANALYZER_NONNULL = YES;
				CLANG_ANALYZER_NUMBER_OBJECT_CONVERSION = YES_AGGRESSIVE;
				CLANG_CXX_LANGUAGE_STANDARD = "gnu++14";
				CLANG_CXX_LIBRARY = "libc++";
				CLANG_ENABLE_MODULES = YES;
				CLANG_ENABLE_OBJC_ARC = YES;
				CLANG_ENABLE_OBJC_WEAK = YES;
				CLANG_WARN_BLOCK_CAPTURE_AUTORELEASING = YES;
				CLANG_WARN_BOOL_CONVERSION = YES;
				CLANG_WARN_COMMA = YES;
				CLANG_WARN_CONSTANT_CONVERSION = YES;
				CLANG_WARN_DEPRECATED_OBJC_IMPLEMENTATIONS = YES;
				CLANG_WARN_DIRECT_OBJC_ISA_USAGE = YES_ERROR;
				CLANG_WARN_DOCUMENTATION_COMMENTS = YES;
				CLANG_WARN_EMPTY_BODY = YES;
				CLANG_WARN_ENUM_CONVERSION = YES;
				CLANG_WARN_INFINITE_RECURSION = YES;
				CLANG_WARN_INT_CONVERSION = YES;
				CLANG_WARN_NON_LITERAL_NULL_CONVERSION = YES;
				CLANG_WARN_OBJC_IMPLICIT_RETAIN_SELF = YES;
				CLANG_WARN_OBJC_LITERAL_CONVERSION = YES;
				CLANG_WARN_OBJC_ROOT_CLASS = YES_ERROR;
				CLANG_WARN_QUOTED_INCLUDE_IN_FRAMEWORK_HEADER = YES;
				CLANG_WARN_RANGE_LOOP_ANALYSIS = YES;
				CLANG_WARN_STRICT_PROTOTYPES = YES;
				CLANG_WARN_SUSPICIOUS_MOVE = YES;
				CLANG_WARN_UNGUARDED_AVAILABILITY = YES_AGGRESSIVE;
				CLANG_WARN_UNREACHABLE_CODE = YES;
				CLANG_WARN__DUPLICATE_METHOD_MATCH = YES;
				COPY_PHASE_STRIP = NO;
				DEBUG_INFORMATION_FORMAT = dwarf;
				ENABLE_STRICT_OBJC_MSGSEND = YES;
				ENABLE_TESTABILITY = YES;
				GCC_C_LANGUAGE_STANDARD = gnu11;
				GCC_DYNAMIC_NO_PIC = NO;
				GCC_NO_COMMON_BLOCKS = YES;
				GCC_OPTIMIZATION_LEVEL = 0;
				GCC_PREPROCESSOR_DEFINITIONS = (
					"DEBUG=1",
					"$(inherited)",
				);
				GCC_WARN_64_TO_32_BIT_CONVERSION = YES;
				GCC_WARN_ABOUT_RETURN_TYPE = YES_ERROR;
				GCC_WARN_UNDECLARED_SELECTOR = YES;
				GCC_WARN_UNINITIALIZED_AUTOS = YES_AGGRESSIVE;
				GCC_WARN_UNUSED_FUNCTION = YES;
				GCC_WARN_UNUSED_VARIABLE = YES;
				IPHONEOS_DEPLOYMENT_TARGET = 8.0;
				MTL_ENABLE_DEBUG_INFO = INCLUDE_SOURCE;
				MTL_FAST_MATH = YES;
				ONLY_ACTIVE_ARCH = YES;
				SDKROOT = iphoneos;
			};
			name = Debug;
		};
		2630866125F74C2100FCB9AD /* Release */ = {
			isa = XCBuildConfiguration;
			buildSettings = {
				ALWAYS_SEARCH_USER_PATHS = NO;
				CLANG_ANALYZER_NONNULL = YES;
				CLANG_ANALYZER_NUMBER_OBJECT_CONVERSION = YES_AGGRESSIVE;
				CLANG_CXX_LANGUAGE_STANDARD = "gnu++14";
				CLANG_CXX_LIBRARY = "libc++";
				CLANG_ENABLE_MODULES = YES;
				CLANG_ENABLE_OBJC_ARC = YES;
				CLANG_ENABLE_OBJC_WEAK = YES;
				CLANG_WARN_BLOCK_CAPTURE_AUTORELEASING = YES;
				CLANG_WARN_BOOL_CONVERSION = YES;
				CLANG_WARN_COMMA = YES;
				CLANG_WARN_CONSTANT_CONVERSION = YES;
				CLANG_WARN_DEPRECATED_OBJC_IMPLEMENTATIONS = YES;
				CLANG_WARN_DIRECT_OBJC_ISA_USAGE = YES_ERROR;
				CLANG_WARN_DOCUMENTATION_COMMENTS = YES;
				CLANG_WARN_EMPTY_BODY = YES;
				CLANG_WARN_ENUM_CONVERSION = YES;
				CLANG_WARN_INFINITE_RECURSION = YES;
				CLANG_WARN_INT_CONVERSION = YES;
				CLANG_WARN_NON_LITERAL_NULL_CONVERSION = YES;
				CLANG_WARN_OBJC_IMPLICIT_RETAIN_SELF = YES;
				CLANG_WARN_OBJC_LITERAL_CONVERSION = YES;
				CLANG_WARN_OBJC_ROOT_CLASS = YES_ERROR;
				CLANG_WARN_QUOTED_INCLUDE_IN_FRAMEWORK_HEADER = YES;
				CLANG_WARN_RANGE_LOOP_ANALYSIS = YES;
				CLANG_WARN_STRICT_PROTOTYPES = YES;
				CLANG_WARN_SUSPICIOUS_MOVE = YES;
				CLANG_WARN_UNGUARDED_AVAILABILITY = YES_AGGRESSIVE;
				CLANG_WARN_UNREACHABLE_CODE = YES;
				CLANG_WARN__DUPLICATE_METHOD_MATCH = YES;
				COPY_PHASE_STRIP = NO;
				DEBUG_INFORMATION_FORMAT = "dwarf-with-dsym";
				ENABLE_NS_ASSERTIONS = NO;
				ENABLE_STRICT_OBJC_MSGSEND = YES;
				GCC_C_LANGUAGE_STANDARD = gnu11;
				GCC_NO_COMMON_BLOCKS = YES;
				GCC_WARN_64_TO_32_BIT_CONVERSION = YES;
				GCC_WARN_ABOUT_RETURN_TYPE = YES_ERROR;
				GCC_WARN_UNDECLARED_SELECTOR = YES;
				GCC_WARN_UNINITIALIZED_AUTOS = YES_AGGRESSIVE;
				GCC_WARN_UNUSED_FUNCTION = YES;
				GCC_WARN_UNUSED_VARIABLE = YES;
				IPHONEOS_DEPLOYMENT_TARGET = 8.0;
				MTL_ENABLE_DEBUG_INFO = NO;
				MTL_FAST_MATH = YES;
				SDKROOT = iphoneos;
				VALIDATE_PRODUCT = YES;
			};
			name = Release;
		};
		2630866325F74C2100FCB9AD /* Debug */ = {
			isa = XCBuildConfiguration;
			buildSettings = {
				CODE_SIGN_STYLE = Automatic;
				DEVELOPMENT_TEAM = 9GC8R2VCR4;
				DYLIB_COMPATIBILITY_VERSION = 1;
				DYLIB_CURRENT_VERSION = 1;
				ENABLE_BITCODE = NO;
				EXCLUDED_RECURSIVE_SEARCH_PATH_SUBDIRECTORIES = "*.nib *.lproj *.gch (*) .DS_Store CVS .svn .git .hg *.xcodeproj *.xcode *.pbproj *.pbxproj";
				EXECUTABLE_PREFIX = lib;
				FRAMEWORK_SEARCH_PATHS = (
					"$(inherited)",
					"$(MonkeyDevPath)/Frameworks/**",
					"$(MonkeyDevPath)/Librarys/**",
					"$(MonkeyDevTheosPath)/vendor/lib",
				);
				GCC_C_LANGUAGE_STANDARD = gnu99;
				GCC_PRECOMPILE_PREFIX_HEADER = YES;
				GCC_PREFIX_HEADER = "monkeydevutilsDylib/monkeydevutilsDylib-Prefix.pch";
				GCC_SYMBOLS_PRIVATE_EXTERN = NO;
				GCC_WARN_ABOUT_MISSING_PROTOTYPES = YES;
				GCC_WARN_ABOUT_RETURN_TYPE = YES;
				HEADER_SEARCH_PATHS = (
					"$(inherited)",
					"$(MonkeyDevPath)/include",
					"$(MonkeyDevTheosPath)/vendor/include/**",
				);
				INSTALL_PATH = "@executable_path/Frameworks/libmonkeydevutilsDylib.dylib";
				LD_RUNPATH_SEARCH_PATHS = (
					"$(inherited)",
					"@executable_path/Frameworks",
				);
				LIBRARY_SEARCH_PATHS = (
					"$(inherited)",
					"$(MonkeyDevPath)/Frameworks",
					"$(MonkeyDevTheosPath)/vendor/lib/**",
				);
				MonkeyDevPath = /opt/MonkeyDev;
				MonkeyDevTheosPath = /opt/theos;
				OTHER_CFLAGS = (
					"$(inherited)",
					"-DTHEOS_INSTANCE_NAME=\"\\\"monkeydevutilsDylib\\\"\"",
				);
				OTHER_LDFLAGS = (
					"$(inherited)",
					"-weak_library",
					"/usr/lib/libc++.dylib",
					"-weak_library",
					"/usr/lib/libstdc++.dylib",
					"-weak_library",
					"$(MonkeyDevPath)/Frameworks/libsubstrate.dylib",
					"-lcycript",
					"-framework",
					RevealServer,
				);
				PRODUCT_NAME = "$(TARGET_NAME)";
				TARGETED_DEVICE_FAMILY = "1,2";
				VALIDATE_PRODUCT = NO;
			};
			name = Debug;
		};
		2630866425F74C2100FCB9AD /* Release */ = {
			isa = XCBuildConfiguration;
			buildSettings = {
				CODE_SIGN_STYLE = Automatic;
				COPY_PHASE_STRIP = YES;
				DEVELOPMENT_TEAM = 9GC8R2VCR4;
				DYLIB_COMPATIBILITY_VERSION = 1;
				DYLIB_CURRENT_VERSION = 1;
				ENABLE_BITCODE = NO;
				EXCLUDED_RECURSIVE_SEARCH_PATH_SUBDIRECTORIES = "*.nib *.lproj *.gch (*) .DS_Store CVS .svn .git .hg *.xcodeproj *.xcode *.pbproj *.pbxproj";
				EXECUTABLE_PREFIX = lib;
				FRAMEWORK_SEARCH_PATHS = (
					"$(inherited)",
					"$(MonkeyDevPath)/Frameworks/**",
					"$(MonkeyDevPath)/Librarys/**",
					"$(MonkeyDevTheosPath)/vendor/lib",
				);
				GCC_C_LANGUAGE_STANDARD = gnu99;
				GCC_PRECOMPILE_PREFIX_HEADER = YES;
				GCC_PREFIX_HEADER = "monkeydevutilsDylib/monkeydevutilsDylib-Prefix.pch";
				GCC_WARN_ABOUT_MISSING_PROTOTYPES = YES;
				GCC_WARN_ABOUT_RETURN_TYPE = YES;
				HEADER_SEARCH_PATHS = (
					"$(inherited)",
					"$(MonkeyDevPath)/include",
					"$(MonkeyDevTheosPath)/vendor/include/**",
				);
				INSTALL_PATH = "@executable_path/Frameworks/libmonkeydevutilsDylib.dylib";
				LD_RUNPATH_SEARCH_PATHS = (
					"$(inherited)",
					"@executable_path/Frameworks",
				);
				LIBRARY_SEARCH_PATHS = (
					"$(inherited)",
					"$(MonkeyDevPath)/Frameworks",
					"$(MonkeyDevTheosPath)/vendor/lib/**",
				);
				MonkeyDevPath = /opt/MonkeyDev;
				MonkeyDevTheosPath = /opt/theos;
				OTHER_CFLAGS = (
					"$(inherited)",
					"-DTHEOS_INSTANCE_NAME=\"\\\"monkeydevutilsDylib\\\"\"",
				);
				OTHER_LDFLAGS = (
					"$(inherited)",
					"-weak_library",
					"/usr/lib/libc++.dylib",
					"-weak_library",
					"/usr/lib/libstdc++.dylib",
					"-weak_library",
					"$(MonkeyDevPath)/Frameworks/libsubstrate.dylib",
				);
				PRODUCT_NAME = "$(TARGET_NAME)";
				TARGETED_DEVICE_FAMILY = "1,2";
			};
			name = Release;
		};
		2630866625F74C2100FCB9AD /* Debug */ = {
			isa = XCBuildConfiguration;
			buildSettings = {
				CODE_SIGN_STYLE = Automatic;
				DEVELOPMENT_TEAM = 9GC8R2VCR4;
				ENABLE_BITCODE = NO;
				INFOPLIST_FILE = monkeydevutils/Info.plist;
				MONKEYDEV_ADD_SUBSTRATE = YES;
				MONKEYDEV_CLASS_DUMP = NO;
				MONKEYDEV_DEFAULT_BUNDLEID = YES;
				MONKEYDEV_INSERT_DYLIB = YES;
				MONKEYDEV_RESTORE_SYMBOL = YES;
				MONKEYDEV_TARGET_APP = Optional;
				PODS_CONFIGURATION_BUILD_DIR = "$BUILD_DIR/$(CONFIGURATION)$(EFFECTIVE_PLATFORM_NAME)";
				PODS_ROOT = "${SRCROOT}/Pods";
				PRODUCT_BUNDLE_IDENTIFIER = com.dancheng.monkeydevutils;
				PRODUCT_NAME = "$(TARGET_NAME)";
				TARGETED_DEVICE_FAMILY = "1,2";
			};
			name = Debug;
		};
		2630866725F74C2100FCB9AD /* Release */ = {
			isa = XCBuildConfiguration;
			buildSettings = {
				CODE_SIGN_STYLE = Automatic;
				DEVELOPMENT_TEAM = 9GC8R2VCR4;
				ENABLE_BITCODE = NO;
				INFOPLIST_FILE = monkeydevutils/Info.plist;
				MONKEYDEV_ADD_SUBSTRATE = YES;
				MONKEYDEV_CLASS_DUMP = NO;
				MONKEYDEV_DEFAULT_BUNDLEID = YES;
				MONKEYDEV_INSERT_DYLIB = YES;
				MONKEYDEV_RESTORE_SYMBOL = YES;
				MONKEYDEV_TARGET_APP = Optional;
				PODS_CONFIGURATION_BUILD_DIR = "$BUILD_DIR/$(CONFIGURATION)$(EFFECTIVE_PLATFORM_NAME)";
				PODS_ROOT = "${SRCROOT}/Pods";
				PRODUCT_BUNDLE_IDENTIFIER = com.dancheng.monkeydevutils;
				PRODUCT_NAME = "$(TARGET_NAME)";
				TARGETED_DEVICE_FAMILY = "1,2";
			};
			name = Release;
		};
/* End XCBuildConfiguration section */

/* Begin XCConfigurationList section */
		263085FF25F74C2000FCB9AD /* Build configuration list for PBXProject "monkeydevutils" */ = {
			isa = XCConfigurationList;
			buildConfigurations = (
				2630866025F74C2100FCB9AD /* Debug */,
				2630866125F74C2100FCB9AD /* Release */,
			);
			defaultConfigurationIsVisible = 0;
			defaultConfigurationName = Release;
		};
		2630866225F74C2100FCB9AD /* Build configuration list for PBXNativeTarget "monkeydevutilsDylib" */ = {
			isa = XCConfigurationList;
			buildConfigurations = (
				2630866325F74C2100FCB9AD /* Debug */,
				2630866425F74C2100FCB9AD /* Release */,
			);
			defaultConfigurationIsVisible = 0;
			defaultConfigurationName = Release;
		};
		2630866525F74C2100FCB9AD /* Build configuration list for PBXNativeTarget "monkeydevutils" */ = {
			isa = XCConfigurationList;
			buildConfigurations = (
				2630866625F74C2100FCB9AD /* Debug */,
				2630866725F74C2100FCB9AD /* Release */,
			);
			defaultConfigurationIsVisible = 0;
			defaultConfigurationName = Release;
		};
/* End XCConfigurationList section */
	};
	rootObject = 263085FC25F74C2000FCB9AD /* Project object */;
}
